<?xml version="1.0" encoding="utf-8"?>
<Project ToolsVersion="4.0" xmlns="http://schemas.microsoft.com/developer/msbuild/2003">
  <ItemGroup>
    <Filter Include="single">
      <UniqueIdentifier>{cffd3518-92ea-4bb0-aa99-0e55db513fa4}</UniqueIdentifier>
    </Filter>
    <Filter Include="composite">
      <UniqueIdentifier>{6e4fe565-c639-4945-bc85-a64ecfc16ee4}</UniqueIdentifier>
    </Filter>
    <Filter Include="remote">
      <UniqueIdentifier>{fe7fa406-74ed-4fa7-a66e-4923b87590d5}</UniqueIdentifier>
    </Filter>
    <Filter Include="info">
      <UniqueIdentifier>{e99aae06-aeed-4071-b784-46015b3a9fe0}</UniqueIdentifier>
    </Filter>
    <Filter Include="network">
      <UniqueIdentifier>{b4438628-6cf3-4e35-9919-0e84642e215a}</UniqueIdentifier>
    </Filter>
    <Filter Include="network\client">
      <UniqueIdentifier>{c9bebe80-6886-41ea-9321-c483cb9fc626}</UniqueIdentifier>
    </Filter>
    <Filter Include="network\message">
      <UniqueIdentifier>{b3a2455e-4d8d-4792-8bd6-0bac112e6dd4}</UniqueIdentifier>
    </Filter>
    <Filter Include="network\server">
      <UniqueIdentifier>{199f7f8c-86a8-4f3b-b3d6-325910fb51b6}</UniqueIdentifier>
    </Filter>
    <Filter Include="network\platform">
      <UniqueIdentifier>{bfd5cef3-c08c-4dd4-a2c6-5ca47a1a6217}</UniqueIdentifier>
    </Filter>
  </ItemGroup>
  <ItemGroup>
    <ClInclude Include="distributedcl_internal.h" />
    <ClInclude Include="info\platform_info.h">
      <Filter>info</Filter>
    </ClInclude>
    <ClInclude Include="library_exception.h" />
    <ClInclude Include="remote\remote_platform.h">
      <Filter>remote</Filter>
    </ClInclude>
    <ClInclude Include="message\message.h">
      <Filter>network\message</Filter>
    </ClInclude>
    <ClInclude Include="remote\remote_object.h">
      <Filter>remote</Filter>
    </ClInclude>
    <ClInclude Include="remote\remote_device.h">
      <Filter>remote</Filter>
    </ClInclude>
    <ClInclude Include="info\device_info.h">
      <Filter>info</Filter>
    </ClInclude>
    <ClInclude Include="info\opencl_functions.h">
      <Filter>info</Filter>
    </ClInclude>
    <ClInclude Include="client\session_manager.h">
      <Filter>network\client</Filter>
    </ClInclude>
    <ClInclude Include="message\msg_device.h">
      <Filter>network\message</Filter>
    </ClInclude>
    <ClInclude Include="server\server.h">
      <Filter>network\server</Filter>
    </ClInclude>
    <ClInclude Include="network\tcp_transport.h">
      <Filter>network\platform</Filter>
    </ClInclude>
    <ClInclude Include="client\client_session.h">
      <Filter>network\client</Filter>
    </ClInclude>
    <ClInclude Include="server\server_session.h">
      <Filter>network\server</Filter>
    </ClInclude>
    <ClInclude Include="network\session.h">
      <Filter>network\platform</Filter>
    </ClInclude>
    <ClInclude Include="message\packet.h">
      <Filter>network\message</Filter>
    </ClInclude>
    <ClInclude Include="network\platform.h">
      <Filter>network\platform</Filter>
    </ClInclude>
    <ClInclude Include="server\message_dispatcher.h">
      <Filter>network\server</Filter>
    </ClInclude>
    <ClInclude Include="server\server_platform.h">
      <Filter>network\server</Filter>
    </ClInclude>
    <ClInclude Include="composite\composite_platform.h">
      <Filter>composite</Filter>
    </ClInclude>
    <ClInclude Include="composite\opencl_composite.h">
      <Filter>composite</Filter>
    </ClInclude>
    <ClInclude Include="single\opencl_library.h">
      <Filter>single</Filter>
    </ClInclude>
    <ClInclude Include="single\platform.h">
      <Filter>single</Filter>
    </ClInclude>
    <ClInclude Include="info\dcl_objects.h">
      <Filter>info</Filter>
    </ClInclude>
    <ClInclude Include="single\opencl_single.h">
      <Filter>single</Filter>
    </ClInclude>
    <ClInclude Include="remote\remote_opencl.h">
      <Filter>remote</Filter>
    </ClInclude>
    <ClInclude Include="composite\composite_device.h">
      <Filter>composite</Filter>
    </ClInclude>
    <ClInclude Include="composite\icd_object.h">
      <Filter>composite</Filter>
    </ClInclude>
    <ClInclude Include="remote\object_manager.h">
      <Filter>remote</Filter>
    </ClInclude>
    <ClInclude Include="message\msg_internal.h">
      <Filter>network\message</Filter>
    </ClInclude>
    <ClInclude Include="composite\composite_context.h">
      <Filter>composite</Filter>
    </ClInclude>
    <ClInclude Include="info\context_info.h">
      <Filter>info</Filter>
    </ClInclude>
  </ItemGroup>
  <ItemGroup>
    <ClCompile Include="remote\remote_platform.cpp">
      <Filter>remote</Filter>
    </ClCompile>
    <ClCompile Include="message\message.cpp">
      <Filter>network\message</Filter>
    </ClCompile>
    <ClCompile Include="remote\remote_device.cpp">
      <Filter>remote</Filter>
    </ClCompile>
    <ClCompile Include="client\session_manager.cpp">
      <Filter>network\client</Filter>
    </ClCompile>
    <ClCompile Include="message\packet.cpp">
      <Filter>network\message</Filter>
    </ClCompile>
    <ClCompile Include="message\msg_device.cpp">
      <Filter>network\message</Filter>
    </ClCompile>
    <ClCompile Include="server\message_dispatcher.cpp">
      <Filter>network\server</Filter>
    </ClCompile>
    <ClCompile Include="server\server_platform.cpp">
      <Filter>network\server</Filter>
    </ClCompile>
    <ClCompile Include="composite\composite_platform.cpp">
      <Filter>composite</Filter>
    </ClCompile>
    <ClCompile Include="composite\opencl_composite.cpp">
      <Filter>composite</Filter>
    </ClCompile>
    <ClCompile Include="single\opencl_library.cpp">
      <Filter>single</Filter>
    </ClCompile>
    <ClCompile Include="single\platform.cpp">
      <Filter>single</Filter>
    </ClCompile>
    <ClCompile Include="single\opencl_single.cpp">
      <Filter>single</Filter>
    </ClCompile>
    <ClCompile Include="remote\remote_opencl.cpp">
      <Filter>remote</Filter>
    </ClCompile>
    <ClCompile Include="composite\icd_object.cpp">
      <Filter>composite</Filter>
    </ClCompile>
    <ClCompile Include="message\msg_internal.cpp">
      <Filter>network\message</Filter>
    </ClCompile>
  </ItemGroup>
</Project>