<?xml version="1.0" encoding="utf-8"?>
<Project ToolsVersion="4.0" xmlns="http://schemas.microsoft.com/developer/msbuild/2003">
  <ItemGroup>
    <Filter Include="single">
      <UniqueIdentifier>{cffd3518-92ea-4bb0-aa99-0e55db513fa4}</UniqueIdentifier>
    </Filter>
    <Filter Include="composite">
      <UniqueIdentifier>{6e4fe565-c639-4945-bc85-a64ecfc16ee4}</UniqueIdentifier>
    </Filter>
    <Filter Include="remote">
      <UniqueIdentifier>{fe7fa406-74ed-4fa7-a66e-4923b87590d5}</UniqueIdentifier>
    </Filter>
    <Filter Include="info">
      <UniqueIdentifier>{e99aae06-aeed-4071-b784-46015b3a9fe0}</UniqueIdentifier>
    </Filter>
    <Filter Include="network">
      <UniqueIdentifier>{b4438628-6cf3-4e35-9919-0e84642e215a}</UniqueIdentifier>
    </Filter>
    <Filter Include="server">
      <UniqueIdentifier>{51c83356-1bbe-4256-be7b-4312d95de1c5}</UniqueIdentifier>
    </Filter>
    <Filter Include="message">
      <UniqueIdentifier>{b3a2455e-4d8d-4792-8bd6-0bac112e6dd4}</UniqueIdentifier>
    </Filter>
    <Filter Include="config">
      <UniqueIdentifier>{08cdab44-450c-4af8-8122-f4e30409f676}</UniqueIdentifier>
    </Filter>
  </ItemGroup>
  <ItemGroup>
    <ClInclude Include="distributedcl_internal.h" />
    <ClInclude Include="info\platform_info.h">
      <Filter>info</Filter>
    </ClInclude>
    <ClInclude Include="library_exception.h" />
    <ClInclude Include="remote\remote_platform.h">
      <Filter>remote</Filter>
    </ClInclude>
    <ClInclude Include="message\message.h">
      <Filter>message</Filter>
    </ClInclude>
    <ClInclude Include="remote\remote_object.h">
      <Filter>remote</Filter>
    </ClInclude>
    <ClInclude Include="remote\remote_device.h">
      <Filter>remote</Filter>
    </ClInclude>
    <ClInclude Include="info\device_info.h">
      <Filter>info</Filter>
    </ClInclude>
    <ClInclude Include="info\opencl_functions.h">
      <Filter>info</Filter>
    </ClInclude>
    <ClInclude Include="message\msg_device.h">
      <Filter>message</Filter>
    </ClInclude>
    <ClInclude Include="message\packet.h">
      <Filter>message</Filter>
    </ClInclude>
    <ClInclude Include="composite\composite_platform.h">
      <Filter>composite</Filter>
    </ClInclude>
    <ClInclude Include="composite\opencl_composite.h">
      <Filter>composite</Filter>
    </ClInclude>
    <ClInclude Include="single\opencl_library.h">
      <Filter>single</Filter>
    </ClInclude>
    <ClInclude Include="single\platform.h">
      <Filter>single</Filter>
    </ClInclude>
    <ClInclude Include="info\dcl_objects.h">
      <Filter>info</Filter>
    </ClInclude>
    <ClInclude Include="single\opencl_single.h">
      <Filter>single</Filter>
    </ClInclude>
    <ClInclude Include="remote\remote_opencl.h">
      <Filter>remote</Filter>
    </ClInclude>
    <ClInclude Include="composite\composite_device.h">
      <Filter>composite</Filter>
    </ClInclude>
    <ClInclude Include="message\msg_internal.h">
      <Filter>message</Filter>
    </ClInclude>
    <ClInclude Include="composite\composite_context.h">
      <Filter>composite</Filter>
    </ClInclude>
    <ClInclude Include="info\context_info.h">
      <Filter>info</Filter>
    </ClInclude>
    <ClInclude Include="single\context.h">
      <Filter>single</Filter>
    </ClInclude>
    <ClInclude Include="single\device.h">
      <Filter>single</Filter>
    </ClInclude>
    <ClInclude Include="info\icd_object.h">
      <Filter>info</Filter>
    </ClInclude>
    <ClInclude Include="network\platform.h">
      <Filter>network</Filter>
    </ClInclude>
    <ClInclude Include="network\session.h">
      <Filter>network</Filter>
    </ClInclude>
    <ClInclude Include="network\tcp_transport.h">
      <Filter>network</Filter>
    </ClInclude>
    <ClInclude Include="network\client_session.h">
      <Filter>network</Filter>
    </ClInclude>
    <ClInclude Include="network\server.h">
      <Filter>network</Filter>
    </ClInclude>
    <ClInclude Include="network\server_session.h">
      <Filter>network</Filter>
    </ClInclude>
    <ClInclude Include="network\session_manager.h">
      <Filter>network</Filter>
    </ClInclude>
    <ClInclude Include="server\server_platform.h">
      <Filter>server</Filter>
    </ClInclude>
    <ClInclude Include="server\server_command.h">
      <Filter>server</Filter>
    </ClInclude>
    <ClInclude Include="info\object_manager.h">
      <Filter>info</Filter>
    </ClInclude>
    <ClInclude Include="message\msg_context.h">
      <Filter>message</Filter>
    </ClInclude>
    <ClInclude Include="remote\remote_context.h">
      <Filter>remote</Filter>
    </ClInclude>
    <ClInclude Include="server\server_context.h">
      <Filter>server</Filter>
    </ClInclude>
    <ClInclude Include="composite\composite_object.h">
      <Filter>composite</Filter>
    </ClInclude>
    <ClInclude Include="single\program.h">
      <Filter>single</Filter>
    </ClInclude>
    <ClInclude Include="info\program_info.h">
      <Filter>info</Filter>
    </ClInclude>
    <ClInclude Include="single\single_object.h">
      <Filter>single</Filter>
    </ClInclude>
    <ClInclude Include="composite\composite_program.h">
      <Filter>composite</Filter>
    </ClInclude>
    <ClInclude Include="remote\remote_program.h">
      <Filter>remote</Filter>
    </ClInclude>
    <ClInclude Include="message\msg_program.h">
      <Filter>message</Filter>
    </ClInclude>
    <ClInclude Include="server\server_program.h">
      <Filter>server</Filter>
    </ClInclude>
    <ClInclude Include="info\kernel_info.h">
      <Filter>info</Filter>
    </ClInclude>
    <ClInclude Include="single\kernel.h">
      <Filter>single</Filter>
    </ClInclude>
    <ClInclude Include="composite\composite_kernel.h">
      <Filter>composite</Filter>
    </ClInclude>
    <ClInclude Include="message\msg_kernel.h">
      <Filter>message</Filter>
    </ClInclude>
    <ClInclude Include="remote\remote_kernel.h">
      <Filter>remote</Filter>
    </ClInclude>
    <ClInclude Include="server\server_kernel.h">
      <Filter>server</Filter>
    </ClInclude>
    <ClInclude Include="info\command_queue_info.h">
      <Filter>info</Filter>
    </ClInclude>
    <ClInclude Include="composite\composite_command_queue.h">
      <Filter>composite</Filter>
    </ClInclude>
    <ClInclude Include="single\command_queue.h">
      <Filter>single</Filter>
    </ClInclude>
    <ClInclude Include="remote\remote_command_queue.h">
      <Filter>remote</Filter>
    </ClInclude>
    <ClInclude Include="message\msg_command_queue.h">
      <Filter>message</Filter>
    </ClInclude>
    <ClInclude Include="server\server_command_queue.h">
      <Filter>server</Filter>
    </ClInclude>
    <ClInclude Include="info\memory_info.h">
      <Filter>info</Filter>
    </ClInclude>
    <ClInclude Include="single\memory.h">
      <Filter>single</Filter>
    </ClInclude>
    <ClInclude Include="composite\composite_memory.h">
      <Filter>composite</Filter>
    </ClInclude>
    <ClInclude Include="remote\remote_memory.h">
      <Filter>remote</Filter>
    </ClInclude>
    <ClInclude Include="message\msg_memory.h">
      <Filter>message</Filter>
    </ClInclude>
    <ClInclude Include="server\server_memory.h">
      <Filter>server</Filter>
    </ClInclude>
    <ClInclude Include="info\event_info.h">
      <Filter>info</Filter>
    </ClInclude>
    <ClInclude Include="single\event.h">
      <Filter>single</Filter>
    </ClInclude>
    <ClInclude Include="composite\composite_event.h">
      <Filter>composite</Filter>
    </ClInclude>
    <ClInclude Include="remote\remote_event.h">
      <Filter>remote</Filter>
    </ClInclude>
    <ClInclude Include="message\msg_event.h">
      <Filter>message</Filter>
    </ClInclude>
    <ClInclude Include="server\server_event.h">
      <Filter>server</Filter>
    </ClInclude>
    <ClInclude Include="config\common_config.h">
      <Filter>config</Filter>
    </ClInclude>
    <ClInclude Include="config\client_config.h">
      <Filter>config</Filter>
    </ClInclude>
    <ClInclude Include="config\server_config.h">
      <Filter>config</Filter>
    </ClInclude>
    <ClInclude Include="server\message_dispatcher.h">
      <Filter>server</Filter>
    </ClInclude>
    <ClInclude Include="info\sampler_info.h">
      <Filter>info</Filter>
    </ClInclude>
    <ClInclude Include="single\sampler.h">
      <Filter>single</Filter>
    </ClInclude>
    <ClInclude Include="composite\composite_sampler.h">
      <Filter>composite</Filter>
    </ClInclude>
    <ClInclude Include="remote\remote_sampler.h">
      <Filter>remote</Filter>
    </ClInclude>
    <ClInclude Include="message\msg_sampler.h">
      <Filter>message</Filter>
    </ClInclude>
    <ClInclude Include="server\server_sampler.h">
      <Filter>server</Filter>
    </ClInclude>
    <ClInclude Include="server\async_server_command.h">
      <Filter>server</Filter>
    </ClInclude>
  </ItemGroup>
  <ItemGroup>
    <ClCompile Include="remote\remote_platform.cpp">
      <Filter>remote</Filter>
    </ClCompile>
    <ClCompile Include="message\message.cpp">
      <Filter>message</Filter>
    </ClCompile>
    <ClCompile Include="remote\remote_device.cpp">
      <Filter>remote</Filter>
    </ClCompile>
    <ClCompile Include="message\packet.cpp">
      <Filter>message</Filter>
    </ClCompile>
    <ClCompile Include="message\msg_device.cpp">
      <Filter>message</Filter>
    </ClCompile>
    <ClCompile Include="composite\composite_platform.cpp">
      <Filter>composite</Filter>
    </ClCompile>
    <ClCompile Include="composite\opencl_composite.cpp">
      <Filter>composite</Filter>
    </ClCompile>
    <ClCompile Include="single\opencl_library.cpp">
      <Filter>single</Filter>
    </ClCompile>
    <ClCompile Include="single\platform.cpp">
      <Filter>single</Filter>
    </ClCompile>
    <ClCompile Include="single\opencl_single.cpp">
      <Filter>single</Filter>
    </ClCompile>
    <ClCompile Include="message\msg_internal.cpp">
      <Filter>message</Filter>
    </ClCompile>
    <ClCompile Include="composite\composite_context.cpp">
      <Filter>composite</Filter>
    </ClCompile>
    <ClCompile Include="single\context.cpp">
      <Filter>single</Filter>
    </ClCompile>
    <ClCompile Include="single\device.cpp">
      <Filter>single</Filter>
    </ClCompile>
    <ClCompile Include="network\session_manager.cpp">
      <Filter>network</Filter>
    </ClCompile>
    <ClCompile Include="server\server_platform.cpp">
      <Filter>server</Filter>
    </ClCompile>
    <ClCompile Include="message\msg_context.cpp">
      <Filter>message</Filter>
    </ClCompile>
    <ClCompile Include="server\server_context.cpp">
      <Filter>server</Filter>
    </ClCompile>
    <ClCompile Include="single\program.cpp">
      <Filter>single</Filter>
    </ClCompile>
    <ClCompile Include="composite\composite_program.cpp">
      <Filter>composite</Filter>
    </ClCompile>
    <ClCompile Include="remote\remote_program.cpp">
      <Filter>remote</Filter>
    </ClCompile>
    <ClCompile Include="message\msg_program.cpp">
      <Filter>message</Filter>
    </ClCompile>
    <ClCompile Include="server\server_program.cpp">
      <Filter>server</Filter>
    </ClCompile>
    <ClCompile Include="remote\remote_context.cpp">
      <Filter>remote</Filter>
    </ClCompile>
    <ClCompile Include="single\kernel.cpp">
      <Filter>single</Filter>
    </ClCompile>
    <ClCompile Include="message\msg_kernel.cpp">
      <Filter>message</Filter>
    </ClCompile>
    <ClCompile Include="server\server_kernel.cpp">
      <Filter>server</Filter>
    </ClCompile>
    <ClCompile Include="single\command_queue.cpp">
      <Filter>single</Filter>
    </ClCompile>
    <ClCompile Include="message\msg_command_queue.cpp">
      <Filter>message</Filter>
    </ClCompile>
    <ClCompile Include="composite\composite_kernel.cpp">
      <Filter>composite</Filter>
    </ClCompile>
    <ClCompile Include="remote\remote_kernel.cpp">
      <Filter>remote</Filter>
    </ClCompile>
    <ClCompile Include="remote\remote_command_queue.cpp">
      <Filter>remote</Filter>
    </ClCompile>
    <ClCompile Include="server\server_command_queue.cpp">
      <Filter>server</Filter>
    </ClCompile>
    <ClCompile Include="single\memory.cpp">
      <Filter>single</Filter>
    </ClCompile>
    <ClCompile Include="message\msg_memory.cpp">
      <Filter>message</Filter>
    </ClCompile>
    <ClCompile Include="server\server_memory.cpp">
      <Filter>server</Filter>
    </ClCompile>
    <ClCompile Include="composite\composite_memory.cpp">
      <Filter>composite</Filter>
    </ClCompile>
    <ClCompile Include="remote\remote_memory.cpp">
      <Filter>remote</Filter>
    </ClCompile>
    <ClCompile Include="single\event.cpp">
      <Filter>single</Filter>
    </ClCompile>
    <ClCompile Include="composite\composite_event.cpp">
      <Filter>composite</Filter>
    </ClCompile>
    <ClCompile Include="remote\remote_event.cpp">
      <Filter>remote</Filter>
    </ClCompile>
    <ClCompile Include="message\msg_event.cpp">
      <Filter>message</Filter>
    </ClCompile>
    <ClCompile Include="server\server_event.cpp">
      <Filter>server</Filter>
    </ClCompile>
    <ClCompile Include="config\common_config.cpp">
      <Filter>config</Filter>
    </ClCompile>
    <ClCompile Include="server\server_command.cpp">
      <Filter>server</Filter>
    </ClCompile>
    <ClCompile Include="server\message_dispatcher.cpp">
      <Filter>server</Filter>
    </ClCompile>
    <ClCompile Include="single\sampler.cpp">
      <Filter>single</Filter>
    </ClCompile>
    <ClCompile Include="message\msg_sampler.cpp">
      <Filter>message</Filter>
    </ClCompile>
    <ClCompile Include="server\server_sampler.cpp">
      <Filter>server</Filter>
    </ClCompile>
    <ClCompile Include="network\server_session.cpp">
      <Filter>server</Filter>
    </ClCompile>
  </ItemGroup>
</Project>