<?xml version="1.0" encoding="utf-8"?>
<Project ToolsVersion="4.0" xmlns="http://schemas.microsoft.com/developer/msbuild/2003">
  <ItemGroup>
    <ClCompile Include="main.cpp" />
    <ClCompile Include="generic_memory_test.cpp">
      <Filter>memory</Filter>
    </ClCompile>
    <ClCompile Include="opencl_memory_test.cpp">
      <Filter>memory</Filter>
    </ClCompile>
  </ItemGroup>
  <ItemGroup>
    <Filter Include="memory">
      <UniqueIdentifier>{3941cbce-2946-4113-ae44-25afbd03ba65}</UniqueIdentifier>
    </Filter>
  </ItemGroup>
  <ItemGroup>
    <ClInclude Include="generic_memory_test.h">
      <Filter>memory</Filter>
    </ClInclude>
    <ClInclude Include="opencl_memory_test.h">
      <Filter>memory</Filter>
    </ClInclude>
  </ItemGroup>
</Project>