
Microsoft Visual Studio Solution File, Format Version 9.00
# Visual Studio 2005
Project("{2857B73E-F847-4B02-9238-064979017E93}") = "ocg_log", "ocg_log\ocg_log.cproj", "{DF0CDA48-BDB9-477E-8E46-1D119BE3E482}"
EndProject
Global
	GlobalSection(SolutionConfigurationPlatforms) = preSolution
		Debug|Any CPU = Debug|Any CPU
		Release|Any CPU = Release|Any CPU
	EndGlobalSection
	GlobalSection(ProjectConfigurationPlatforms) = postSolution
		{DF0CDA48-BDB9-477E-8E46-1D119BE3E482}.Debug|Any CPU.ActiveCfg = Debug|Any CPU
		{DF0CDA48-BDB9-477E-8E46-1D119BE3E482}.Debug|Any CPU.Build.0 = Debug|Any CPU
		{DF0CDA48-BDB9-477E-8E46-1D119BE3E482}.Release|Any CPU.ActiveCfg = Release|Any CPU
		{DF0CDA48-BDB9-477E-8E46-1D119BE3E482}.Release|Any CPU.Build.0 = Release|Any CPU
	EndGlobalSection
	GlobalSection(MonoDevelopProperties) = preSolution
		description = OpenCL Grid
		version = 0.1
		StartupItem = ocg_log\ocg_log.cproj
		Policies = $0
		$0.DotNetNamingPolicy = $1
		$1.DirectoryNamespaceAssociation = None
		$1.ResourceNamePolicy = FileFormatDefault
		$0.ChangeLogPolicy = $2
		$2.UpdateMode = None
		$2.MessageStyle = $3
		$3.LineAlign = 0
		$2.inheritsSet = Mono
		$0.StandardHeader = $4
		$4.Text = 
		$4.inheritsSet = MITX11License
		$0.TextStylePolicy = $5
		$5.FileWidth = 120
		$5.TabWidth = 4
		$5.TabsToSpaces = False
		$5.NoTabsAfterNonTabs = False
		$5.RemoveTrailingWhitespace = False
		$5.EolMarker = Native
		$0.VersionControlPolicy = $6
		$6.inheritsSet = Mono
	EndGlobalSection
EndGlobal
